// !$*UTF8*$!
{
	archiveVersion = 1;
	classes = {
	};
	objectVersion = 50;
	objects = {

/* Begin PBXBuildFile section */
		CBAC3EDB26A71DE7004476E2 /* AppDelegate.swift in Sources */ = {isa = PBXBuildFile; fileRef = CBAC3EDA26A71DE7004476E2 /* AppDelegate.swift */; };
		CBAC3EDD26A71DE7004476E2 /* SceneDelegate.swift in Sources */ = {isa = PBXBuildFile; fileRef = CBAC3EDC26A71DE7004476E2 /* SceneDelegate.swift */; };
		CBAC3EDF26A71DE7004476E2 /* ViewController.swift in Sources */ = {isa = PBXBuildFile; fileRef = CBAC3EDE26A71DE7004476E2 /* ViewController.swift */; };
		CBAC3EE226A71DE7004476E2 /* Main.storyboard in Resources */ = {isa = PBXBuildFile; fileRef = CBAC3EE026A71DE7004476E2 /* Main.storyboard */; };
		CBAC3EE526A71DE7004476E2 /* AccessCamera.xcdatamodeld in Sources */ = {isa = PBXBuildFile; fileRef = CBAC3EE326A71DE7004476E2 /* AccessCamera.xcdatamodeld */; };
		CBAC3EE726A71DFF004476E2 /* Assets.xcassets in Resources */ = {isa = PBXBuildFile; fileRef = CBAC3EE626A71DFF004476E2 /* Assets.xcassets */; };
		CBAC3EEA26A71DFF004476E2 /* LaunchScreen.storyboard in Resources */ = {isa = PBXBuildFile; fileRef = CBAC3EE826A71DFF004476E2 /* LaunchScreen.storyboard */; };
		CBAC3EF526A71E00004476E2 /* AccessCameraTests.swift in Sources */ = {isa = PBXBuildFile; fileRef = CBAC3EF426A71E00004476E2 /* AccessCameraTests.swift */; };
		CBAC3F0026A71E00004476E2 /* AccessCameraUITests.swift in Sources */ = {isa = PBXBuildFile; fileRef = CBAC3EFF26A71E00004476E2 /* AccessCameraUITests.swift */; };
/* End PBXBuildFile section */

/* Begin PBXContainerItemProxy section */
		CBAC3EF126A71E00004476E2 /* PBXContainerItemProxy */ = {
			isa = PBXContainerItemProxy;
			containerPortal = CBAC3ECF26A71DE6004476E2 /* Project object */;
			proxyType = 1;
			remoteGlobalIDString = CBAC3ED626A71DE7004476E2;
			remoteInfo = AccessCamera;
		};
		CBAC3EFC26A71E00004476E2 /* PBXContainerItemProxy */ = {
			isa = PBXContainerItemProxy;
			containerPortal = CBAC3ECF26A71DE6004476E2 /* Project object */;
			proxyType = 1;
			remoteGlobalIDString = CBAC3ED626A71DE7004476E2;
			remoteInfo = AccessCamera;
		};
/* End PBXContainerItemProxy section */

/* Begin PBXFileReference section */
		CBAC3ED726A71DE7004476E2 /* AccessCamera.app */ = {isa = PBXFileReference; explicitFileType = wrapper.application; includeInIndex = 0; path = AccessCamera.app; sourceTree = BUILT_PRODUCTS_DIR; };
		CBAC3EDA26A71DE7004476E2 /* AppDelegate.swift */ = {isa = PBXFileReference; lastKnownFileType = sourcecode.swift; path = AppDelegate.swift; sourceTree = "<group>"; };
		CBAC3EDC26A71DE7004476E2 /* SceneDelegate.swift */ = {isa = PBXFileReference; lastKnownFileType = sourcecode.swift; path = SceneDelegate.swift; sourceTree = "<group>"; };
		CBAC3EDE26A71DE7004476E2 /* ViewController.swift */ = {isa = PBXFileReference; lastKnownFileType = sourcecode.swift; path = ViewController.swift; sourceTree = "<group>"; };
		CBAC3EE126A71DE7004476E2 /* Base */ = {isa = PBXFileReference; lastKnownFileType = file.storyboard; name = Base; path = Base.lproj/Main.storyboard; sourceTree = "<group>"; };
		CBAC3EE426A71DE7004476E2 /* AccessCamera.xcdatamodel */ = {isa = PBXFileReference; lastKnownFileType = wrapper.xcdatamodel; path = AccessCamera.xcdatamodel; sourceTree = "<group>"; };
		CBAC3EE626A71DFF004476E2 /* Assets.xcassets */ = {isa = PBXFileReference; lastKnownFileType = folder.assetcatalog; path = Assets.xcassets; sourceTree = "<group>"; };
		CBAC3EE926A71DFF004476E2 /* Base */ = {isa = PBXFileReference; lastKnownFileType = file.storyboard; name = Base; path = Base.lproj/LaunchScreen.storyboard; sourceTree = "<group>"; };
		CBAC3EEB26A71DFF004476E2 /* Info.plist */ = {isa = PBXFileReference; lastKnownFileType = text.plist.xml; path = Info.plist; sourceTree = "<group>"; };
		CBAC3EF026A71E00004476E2 /* AccessCameraTests.xctest */ = {isa = PBXFileReference; explicitFileType = wrapper.cfbundle; includeInIndex = 0; path = AccessCameraTests.xctest; sourceTree = BUILT_PRODUCTS_DIR; };
		CBAC3EF426A71E00004476E2 /* AccessCameraTests.swift */ = {isa = PBXFileReference; lastKnownFileType = sourcecode.swift; path = AccessCameraTests.swift; sourceTree = "<group>"; };
		CBAC3EF626A71E00004476E2 /* Info.plist */ = {isa = PBXFileReference; lastKnownFileType = text.plist.xml; path = Info.plist; sourceTree = "<group>"; };
		CBAC3EFB26A71E00004476E2 /* AccessCameraUITests.xctest */ = {isa = PBXFileReference; explicitFileType = wrapper.cfbundle; includeInIndex = 0; path = AccessCameraUITests.xctest; sourceTree = BUILT_PRODUCTS_DIR; };
		CBAC3EFF26A71E00004476E2 /* AccessCameraUITests.swift */ = {isa = PBXFileReference; lastKnownFileType = sourcecode.swift; path = AccessCameraUITests.swift; sourceTree = "<group>"; };
		CBAC3F0126A71E00004476E2 /* Info.plist */ = {isa = PBXFileReference; lastKnownFileType = text.plist.xml; path = Info.plist; sourceTree = "<group>"; };
/* End PBXFileReference section */

/* Begin PBXFrameworksBuildPhase section */
		CBAC3ED426A71DE7004476E2 /* Frameworks */ = {
			isa = PBXFrameworksBuildPhase;
			buildActionMask = 2147483647;
			files = (
			);
			runOnlyForDeploymentPostprocessing = 0;
		};
		CBAC3EED26A71E00004476E2 /* Frameworks */ = {
			isa = PBXFrameworksBuildPhase;
			buildActionMask = 2147483647;
			files = (
			);
			runOnlyForDeploymentPostprocessing = 0;
		};
		CBAC3EF826A71E00004476E2 /* Frameworks */ = {
			isa = PBXFrameworksBuildPhase;
			buildActionMask = 2147483647;
			files = (
			);
			runOnlyForDeploymentPostprocessing = 0;
		};
/* End PBXFrameworksBuildPhase section */

/* Begin PBXGroup section */
		CBAC3ECE26A71DE6004476E2 = {
			isa = PBXGroup;
			children = (
				CBAC3ED926A71DE7004476E2 /* AccessCamera */,
				CBAC3EF326A71E00004476E2 /* AccessCameraTests */,
				CBAC3EFE26A71E00004476E2 /* AccessCameraUITests */,
				CBAC3ED826A71DE7004476E2 /* Products */,
			);
			sourceTree = "<group>";
		};
		CBAC3ED826A71DE7004476E2 /* Products */ = {
			isa = PBXGroup;
			children = (
				CBAC3ED726A71DE7004476E2 /* AccessCamera.app */,
				CBAC3EF026A71E00004476E2 /* AccessCameraTests.xctest */,
				CBAC3EFB26A71E00004476E2 /* AccessCameraUITests.xctest */,
			);
			name = Products;
			sourceTree = "<group>";
		};
		CBAC3ED926A71DE7004476E2 /* AccessCamera */ = {
			isa = PBXGroup;
			children = (
				CBAC3EDA26A71DE7004476E2 /* AppDelegate.swift */,
				CBAC3EDC26A71DE7004476E2 /* SceneDelegate.swift */,
				CBAC3EDE26A71DE7004476E2 /* ViewController.swift */,
				CBAC3EE026A71DE7004476E2 /* Main.storyboard */,
				CBAC3EE626A71DFF004476E2 /* Assets.xcassets */,
				CBAC3EE826A71DFF004476E2 /* LaunchScreen.storyboard */,
				CBAC3EEB26A71DFF004476E2 /* Info.plist */,
				CBAC3EE326A71DE7004476E2 /* AccessCamera.xcdatamodeld */,
			);
			path = AccessCamera;
			sourceTree = "<group>";
		};
		CBAC3EF326A71E00004476E2 /* AccessCameraTests */ = {
			isa = PBXGroup;
			children = (
				CBAC3EF426A71E00004476E2 /* AccessCameraTests.swift */,
				CBAC3EF626A71E00004476E2 /* Info.plist */,
			);
			path = AccessCameraTests;
			sourceTree = "<group>";
		};
		CBAC3EFE26A71E00004476E2 /* AccessCameraUITests */ = {
			isa = PBXGroup;
			children = (
				CBAC3EFF26A71E00004476E2 /* AccessCameraUITests.swift */,
				CBAC3F0126A71E00004476E2 /* Info.plist */,
			);
			path = AccessCameraUITests;
			sourceTree = "<group>";
		};
/* End PBXGroup section */

/* Begin PBXNativeTarget section */
		CBAC3ED626A71DE7004476E2 /* AccessCamera */ = {
			isa = PBXNativeTarget;
			buildConfigurationList = CBAC3F0426A71E00004476E2 /* Build configuration list for PBXNativeTarget "AccessCamera" */;
			buildPhases = (
				CBAC3ED326A71DE7004476E2 /* Sources */,
				CBAC3ED426A71DE7004476E2 /* Frameworks */,
				CBAC3ED526A71DE7004476E2 /* Resources */,
			);
			buildRules = (
			);
			dependencies = (
			);
			name = AccessCamera;
			productName = AccessCamera;
			productReference = CBAC3ED726A71DE7004476E2 /* AccessCamera.app */;
			productType = "com.apple.product-type.application";
		};
		CBAC3EEF26A71E00004476E2 /* AccessCameraTests */ = {
			isa = PBXNativeTarget;
			buildConfigurationList = CBAC3F0726A71E00004476E2 /* Build configuration list for PBXNativeTarget "AccessCameraTests" */;
			buildPhases = (
				CBAC3EEC26A71E00004476E2 /* Sources */,
				CBAC3EED26A71E00004476E2 /* Frameworks */,
				CBAC3EEE26A71E00004476E2 /* Resources */,
			);
			buildRules = (
			);
			dependencies = (
				CBAC3EF226A71E00004476E2 /* PBXTargetDependency */,
			);
			name = AccessCameraTests;
			productName = AccessCameraTests;
			productReference = CBAC3EF026A71E00004476E2 /* AccessCameraTests.xctest */;
			productType = "com.apple.product-type.bundle.unit-test";
		};
		CBAC3EFA26A71E00004476E2 /* AccessCameraUITests */ = {
			isa = PBXNativeTarget;
			buildConfigurationList = CBAC3F0A26A71E00004476E2 /* Build configuration list for PBXNativeTarget "AccessCameraUITests" */;
			buildPhases = (
				CBAC3EF726A71E00004476E2 /* Sources */,
				CBAC3EF826A71E00004476E2 /* Frameworks */,
				CBAC3EF926A71E00004476E2 /* Resources */,
			);
			buildRules = (
			);
			dependencies = (
				CBAC3EFD26A71E00004476E2 /* PBXTargetDependency */,
			);
			name = AccessCameraUITests;
			productName = AccessCameraUITests;
			productReference = CBAC3EFB26A71E00004476E2 /* AccessCameraUITests.xctest */;
			productType = "com.apple.product-type.bundle.ui-testing";
		};
/* End PBXNativeTarget section */

/* Begin PBXProject section */
		CBAC3ECF26A71DE6004476E2 /* Project object */ = {
			isa = PBXProject;
			attributes = {
				LastSwiftUpdateCheck = 1250;
				LastUpgradeCheck = 1250;
				TargetAttributes = {
					CBAC3ED626A71DE7004476E2 = {
						CreatedOnToolsVersion = 12.5.1;
					};
					CBAC3EEF26A71E00004476E2 = {
						CreatedOnToolsVersion = 12.5.1;
						TestTargetID = CBAC3ED626A71DE7004476E2;
					};
					CBAC3EFA26A71E00004476E2 = {
						CreatedOnToolsVersion = 12.5.1;
						TestTargetID = CBAC3ED626A71DE7004476E2;
					};
				};
			};
			buildConfigurationList = CBAC3ED226A71DE6004476E2 /* Build configuration list for PBXProject "AccessCamera" */;
			compatibilityVersion = "Xcode 9.3";
			developmentRegion = en;
			hasScannedForEncodings = 0;
			knownRegions = (
				en,
				Base,
			);
			mainGroup = CBAC3ECE26A71DE6004476E2;
			productRefGroup = CBAC3ED826A71DE7004476E2 /* Products */;
			projectDirPath = "";
			projectRoot = "";
			targets = (
				CBAC3ED626A71DE7004476E2 /* AccessCamera */,
				CBAC3EEF26A71E00004476E2 /* AccessCameraTests */,
				CBAC3EFA26A71E00004476E2 /* AccessCameraUITests */,
			);
		};
/* End PBXProject section */

/* Begin PBXResourcesBuildPhase section */
		CBAC3ED526A71DE7004476E2 /* Resources */ = {
			isa = PBXResourcesBuildPhase;
			buildActionMask = 2147483647;
			files = (
				CBAC3EEA26A71DFF004476E2 /* LaunchScreen.storyboard in Resources */,
				CBAC3EE726A71DFF004476E2 /* Assets.xcassets in Resources */,
				CBAC3EE226A71DE7004476E2 /* Main.storyboard in Resources */,
			);
			runOnlyForDeploymentPostprocessing = 0;
		};
		CBAC3EEE26A71E00004476E2 /* Resources */ = {
			isa = PBXResourcesBuildPhase;
			buildActionMask = 2147483647;
			files = (
			);
			runOnlyForDeploymentPostprocessing = 0;
		};
		CBAC3EF926A71E00004476E2 /* Resources */ = {
			isa = PBXResourcesBuildPhase;
			buildActionMask = 2147483647;
			files = (
			);
			runOnlyForDeploymentPostprocessing = 0;
		};
/* End PBXResourcesBuildPhase section */

/* Begin PBXSourcesBuildPhase section */
		CBAC3ED326A71DE7004476E2 /* Sources */ = {
			isa = PBXSourcesBuildPhase;
			buildActionMask = 2147483647;
			files = (
				CBAC3EE526A71DE7004476E2 /* AccessCamera.xcdatamodeld in Sources */,
				CBAC3EDF26A71DE7004476E2 /* ViewController.swift in Sources */,
				CBAC3EDB26A71DE7004476E2 /* AppDelegate.swift in Sources */,
				CBAC3EDD26A71DE7004476E2 /* SceneDelegate.swift in Sources */,
			);
			runOnlyForDeploymentPostprocessing = 0;
		};
		CBAC3EEC26A71E00004476E2 /* Sources */ = {
			isa = PBXSourcesBuildPhase;
			buildActionMask = 2147483647;
			files = (
				CBAC3EF526A71E00004476E2 /* AccessCameraTests.swift in Sources */,
			);
			runOnlyForDeploymentPostprocessing = 0;
		};
		CBAC3EF726A71E00004476E2 /* Sources */ = {
			isa = PBXSourcesBuildPhase;
			buildActionMask = 2147483647;
			files = (
				CBAC3F0026A71E00004476E2 /* AccessCameraUITests.swift in Sources */,
			);
			runOnlyForDeploymentPostprocessing = 0;
		};
/* End PBXSourcesBuildPhase section */

/* Begin PBXTargetDependency section */
		CBAC3EF226A71E00004476E2 /* PBXTargetDependency */ = {
			isa = PBXTargetDependency;
			target = CBAC3ED626A71DE7004476E2 /* AccessCamera */;
			targetProxy = CBAC3EF126A71E00004476E2 /* PBXContainerItemProxy */;
		};
		CBAC3EFD26A71E00004476E2 /* PBXTargetDependency */ = {
			isa = PBXTargetDependency;
			target = CBAC3ED626A71DE7004476E2 /* AccessCamera */;
			targetProxy = CBAC3EFC26A71E00004476E2 /* PBXContainerItemProxy */;
		};
/* End PBXTargetDependency section */

/* Begin PBXVariantGroup section */
		CBAC3EE026A71DE7004476E2 /* Main.storyboard */ = {
			isa = PBXVariantGroup;
			children = (
				CBAC3EE126A71DE7004476E2 /* Base */,
			);
			name = Main.storyboard;
			sourceTree = "<group>";
		};
		CBAC3EE826A71DFF004476E2 /* LaunchScreen.storyboard */ = {
			isa = PBXVariantGroup;
			children = (
				CBAC3EE926A71DFF004476E2 /* Base */,
			);
			name = LaunchScreen.storyboard;
			sourceTree = "<group>";
		};
/* End PBXVariantGroup section */

/* Begin XCBuildConfiguration section */
		CBAC3F0226A71E00004476E2 /* Debug */ = {
			isa = XCBuildConfiguration;
			buildSettings = {
				ALWAYS_SEARCH_USER_PATHS = NO;
				CLANG_ANALYZER_NONNULL = YES;
				CLANG_ANALYZER_NUMBER_OBJECT_CONVERSION = YES_AGGRESSIVE;
				CLANG_CXX_LANGUAGE_STANDARD = "gnu++14";
				CLANG_CXX_LIBRARY = "libc++";
				CLANG_ENABLE_MODULES = YES;
				CLANG_ENABLE_OBJC_ARC = YES;
				CLANG_ENABLE_OBJC_WEAK = YES;
				CLANG_WARN_BLOCK_CAPTURE_AUTORELEASING = YES;
				CLANG_WARN_BOOL_CONVERSION = YES;
				CLANG_WARN_COMMA = YES;
				CLANG_WARN_CONSTANT_CONVERSION = YES;
				CLANG_WARN_DEPRECATED_OBJC_IMPLEMENTATIONS = YES;
				CLANG_WARN_DIRECT_OBJC_ISA_USAGE = YES_ERROR;
				CLANG_WARN_DOCUMENTATION_COMMENTS = YES;
				CLANG_WARN_EMPTY_BODY = YES;
				CLANG_WARN_ENUM_CONVERSION = YES;
				CLANG_WARN_INFINITE_RECURSION = YES;
				CLANG_WARN_INT_CONVERSION = YES;
				CLANG_WARN_NON_LITERAL_NULL_CONVERSION = YES;
				CLANG_WARN_OBJC_IMPLICIT_RETAIN_SELF = YES;
				CLANG_WARN_OBJC_LITERAL_CONVERSION = YES;
				CLANG_WARN_OBJC_ROOT_CLASS = YES_ERROR;
				CLANG_WARN_QUOTED_INCLUDE_IN_FRAMEWORK_HEADER = YES;
				CLANG_WARN_RANGE_LOOP_ANALYSIS = YES;
				CLANG_WARN_STRICT_PROTOTYPES = YES;
				CLANG_WARN_SUSPICIOUS_MOVE = YES;
				CLANG_WARN_UNGUARDED_AVAILABILITY = YES_AGGRESSIVE;
				CLANG_WARN_UNREACHABLE_CODE = YES;
				CLANG_WARN__DUPLICATE_METHOD_MATCH = YES;
				COPY_PHASE_STRIP = NO;
				DEBUG_INFORMATION_FORMAT = dwarf;
				ENABLE_STRICT_OBJC_MSGSEND = YES;
				ENABLE_TESTABILITY = YES;
				GCC_C_LANGUAGE_STANDARD = gnu11;
				GCC_DYNAMIC_NO_PIC = NO;
				GCC_NO_COMMON_BLOCKS = YES;
				GCC_OPTIMIZATION_LEVEL = 0;
				GCC_PREPROCESSOR_DEFINITIONS = (
					"DEBUG=1",
					"$(inherited)",
				);
				GCC_WARN_64_TO_32_BIT_CONVERSION = YES;
				GCC_WARN_ABOUT_RETURN_TYPE = YES_ERROR;
				GCC_WARN_UNDECLARED_SELECTOR = YES;
				GCC_WARN_UNINITIALIZED_AUTOS = YES_AGGRESSIVE;
				GCC_WARN_UNUSED_FUNCTION = YES;
				GCC_WARN_UNUSED_VARIABLE = YES;
				IPHONEOS_DEPLOYMENT_TARGET = 14.5;
				MTL_ENABLE_DEBUG_INFO = INCLUDE_SOURCE;
				MTL_FAST_MATH = YES;
				ONLY_ACTIVE_ARCH = YES;
				SDKROOT = iphoneos;
				SWIFT_ACTIVE_COMPILATION_CONDITIONS = DEBUG;
				SWIFT_OPTIMIZATION_LEVEL = "-Onone";
			};
			name = Debug;
		};
		CBAC3F0326A71E00004476E2 /* Release */ = {
			isa = XCBuildConfiguration;
			buildSettings = {
				ALWAYS_SEARCH_USER_PATHS = NO;
				CLANG_ANALYZER_NONNULL = YES;
				CLANG_ANALYZER_NUMBER_OBJECT_CONVERSION = YES_AGGRESSIVE;
				CLANG_CXX_LANGUAGE_STANDARD = "gnu++14";
				CLANG_CXX_LIBRARY = "libc++";
				CLANG_ENABLE_MODULES = YES;
				CLANG_ENABLE_OBJC_ARC = YES;
				CLANG_ENABLE_OBJC_WEAK = YES;
				CLANG_WARN_BLOCK_CAPTURE_AUTORELEASING = YES;
				CLANG_WARN_BOOL_CONVERSION = YES;
				CLANG_WARN_COMMA = YES;
				CLANG_WARN_CONSTANT_CONVERSION = YES;
				CLANG_WARN_DEPRECATED_OBJC_IMPLEMENTATIONS = YES;
				CLANG_WARN_DIRECT_OBJC_ISA_USAGE = YES_ERROR;
				CLANG_WARN_DOCUMENTATION_COMMENTS = YES;
				CLANG_WARN_EMPTY_BODY = YES;
				CLANG_WARN_ENUM_CONVERSION = YES;
				CLANG_WARN_INFINITE_RECURSION = YES;
				CLANG_WARN_INT_CONVERSION = YES;
				CLANG_WARN_NON_LITERAL_NULL_CONVERSION = YES;
				CLANG_WARN_OBJC_IMPLICIT_RETAIN_SELF = YES;
				CLANG_WARN_OBJC_LITERAL_CONVERSION = YES;
				CLANG_WARN_OBJC_ROOT_CLASS = YES_ERROR;
				CLANG_WARN_QUOTED_INCLUDE_IN_FRAMEWORK_HEADER = YES;
				CLANG_WARN_RANGE_LOOP_ANALYSIS = YES;
				CLANG_WARN_STRICT_PROTOTYPES = YES;
				CLANG_WARN_SUSPICIOUS_MOVE = YES;
				CLANG_WARN_UNGUARDED_AVAILABILITY = YES_AGGRESSIVE;
				CLANG_WARN_UNREACHABLE_CODE = YES;
				CLANG_WARN__DUPLICATE_METHOD_MATCH = YES;
				COPY_PHASE_STRIP = NO;
				DEBUG_INFORMATION_FORMAT = "dwarf-with-dsym";
				ENABLE_NS_ASSERTIONS = NO;
				ENABLE_STRICT_OBJC_MSGSEND = YES;
				GCC_C_LANGUAGE_STANDARD = gnu11;
				GCC_NO_COMMON_BLOCKS = YES;
				GCC_WARN_64_TO_32_BIT_CONVERSION = YES;
				GCC_WARN_ABOUT_RETURN_TYPE = YES_ERROR;
				GCC_WARN_UNDECLARED_SELECTOR = YES;
				GCC_WARN_UNINITIALIZED_AUTOS = YES_AGGRESSIVE;
				GCC_WARN_UNUSED_FUNCTION = YES;
				GCC_WARN_UNUSED_VARIABLE = YES;
				IPHONEOS_DEPLOYMENT_TARGET = 14.5;
				MTL_ENABLE_DEBUG_INFO = NO;
				MTL_FAST_MATH = YES;
				SDKROOT = iphoneos;
				SWIFT_COMPILATION_MODE = wholemodule;
				SWIFT_OPTIMIZATION_LEVEL = "-O";
				VALIDATE_PRODUCT = YES;
			};
			name = Release;
		};
		CBAC3F0526A71E00004476E2 /* Debug */ = {
			isa = XCBuildConfiguration;
			buildSettings = {
				ASSETCATALOG_COMPILER_APPICON_NAME = AppIcon;
				ASSETCATALOG_COMPILER_GLOBAL_ACCENT_COLOR_NAME = AccentColor;
				CODE_SIGN_STYLE = Automatic;
				INFOPLIST_FILE = AccessCamera/Info.plist;
				LD_RUNPATH_SEARCH_PATHS = (
					"$(inherited)",
					"@executable_path/Frameworks",
				);
				PRODUCT_BUNDLE_IDENTIFIER = KWK21.AccessCamera;
				PRODUCT_NAME = "$(TARGET_NAME)";
				SWIFT_VERSION = 5.0;
				TARGETED_DEVICE_FAMILY = "1,2";
			};
			name = Debug;
		};
		CBAC3F0626A71E00004476E2 /* Release */ = {
			isa = XCBuildConfiguration;
			buildSettings = {
				ASSETCATALOG_COMPILER_APPICON_NAME = AppIcon;
				ASSETCATALOG_COMPILER_GLOBAL_ACCENT_COLOR_NAME = AccentColor;
				CODE_SIGN_STYLE = Automatic;
				INFOPLIST_FILE = AccessCamera/Info.plist;
				LD_RUNPATH_SEARCH_PATHS = (
					"$(inherited)",
					"@executable_path/Frameworks",
				);
				PRODUCT_BUNDLE_IDENTIFIER = KWK21.AccessCamera;
				PRODUCT_NAME = "$(TARGET_NAME)";
				SWIFT_VERSION = 5.0;
				TARGETED_DEVICE_FAMILY = "1,2";
			};
			name = Release;
		};
		CBAC3F0826A71E00004476E2 /* Debug */ = {
			isa = XCBuildConfiguration;
			buildSettings = {
				ALWAYS_EMBED_SWIFT_STANDARD_LIBRARIES = YES;
				BUNDLE_LOADER = "$(TEST_HOST)";
				CODE_SIGN_STYLE = Automatic;
				INFOPLIST_FILE = AccessCameraTests/Info.plist;
				IPHONEOS_DEPLOYMENT_TARGET = 14.5;
				LD_RUNPATH_SEARCH_PATHS = (
					"$(inherited)",
					"@executable_path/Frameworks",
					"@loader_path/Frameworks",
				);
				PRODUCT_BUNDLE_IDENTIFIER = KWK21.AccessCameraTests;
				PRODUCT_NAME = "$(TARGET_NAME)";
				SWIFT_VERSION = 5.0;
				TARGETED_DEVICE_FAMILY = "1,2";
				TEST_HOST = "$(BUILT_PRODUCTS_DIR)/AccessCamera.app/AccessCamera";
			};
			name = Debug;
		};
		CBAC3F0926A71E00004476E2 /* Release */ = {
			isa = XCBuildConfiguration;
			buildSettings = {
				ALWAYS_EMBED_SWIFT_STANDARD_LIBRARIES = YES;
				BUNDLE_LOADER = "$(TEST_HOST)";
				CODE_SIGN_STYLE = Automatic;
				INFOPLIST_FILE = AccessCameraTests/Info.plist;
				IPHONEOS_DEPLOYMENT_TARGET = 14.5;
				LD_RUNPATH_SEARCH_PATHS = (
					"$(inherited)",
					"@executable_path/Frameworks",
					"@loader_path/Frameworks",
				);
				PRODUCT_BUNDLE_IDENTIFIER = KWK21.AccessCameraTests;
				PRODUCT_NAME = "$(TARGET_NAME)";
				SWIFT_VERSION = 5.0;
				TARGETED_DEVICE_FAMILY = "1,2";
				TEST_HOST = "$(BUILT_PRODUCTS_DIR)/AccessCamera.app/AccessCamera";
			};
			name = Release;
		};
		CBAC3F0B26A71E00004476E2 /* Debug */ = {
			isa = XCBuildConfiguration;
			buildSettings = {
				ALWAYS_EMBED_SWIFT_STANDARD_LIBRARIES = YES;
				CODE_SIGN_STYLE = Automatic;
				INFOPLIST_FILE = AccessCameraUITests/Info.plist;
				LD_RUNPATH_SEARCH_PATHS = (
					"$(inherited)",
					"@executable_path/Frameworks",
					"@loader_path/Frameworks",
				);
				PRODUCT_BUNDLE_IDENTIFIER = KWK21.AccessCameraUITests;
				PRODUCT_NAME = "$(TARGET_NAME)";
				SWIFT_VERSION = 5.0;
				TARGETED_DEVICE_FAMILY = "1,2";
				TEST_TARGET_NAME = AccessCamera;
			};
			name = Debug;
		};
		CBAC3F0C26A71E00004476E2 /* Release */ = {
			isa = XCBuildConfiguration;
			buildSettings = {
				ALWAYS_EMBED_SWIFT_STANDARD_LIBRARIES = YES;
				CODE_SIGN_STYLE = Automatic;
				INFOPLIST_FILE = AccessCameraUITests/Info.plist;
				LD_RUNPATH_SEARCH_PATHS = (
					"$(inherited)",
					"@executable_path/Frameworks",
					"@loader_path/Frameworks",
				);
				PRODUCT_BUNDLE_IDENTIFIER = KWK21.AccessCameraUITests;
				PRODUCT_NAME = "$(TARGET_NAME)";
				SWIFT_VERSION = 5.0;
				TARGETED_DEVICE_FAMILY = "1,2";
				TEST_TARGET_NAME = AccessCamera;
			};
			name = Release;
		};
/* End XCBuildConfiguration section */

/* Begin XCConfigurationList section */
		CBAC3ED226A71DE6004476E2 /* Build configuration list for PBXProject "AccessCamera" */ = {
			isa = XCConfigurationList;
			buildConfigurations = (
				CBAC3F0226A71E00004476E2 /* Debug */,
				CBAC3F0326A71E00004476E2 /* Release */,
			);
			defaultConfigurationIsVisible = 0;
			defaultConfigurationName = Release;
		};
		CBAC3F0426A71E00004476E2 /* Build configuration list for PBXNativeTarget "AccessCamera" */ = {
			isa = XCConfigurationList;
			buildConfigurations = (
				CBAC3F0526A71E00004476E2 /* Debug */,
				CBAC3F0626A71E00004476E2 /* Release */,
			);
			defaultConfigurationIsVisible = 0;
			defaultConfigurationName = Release;
		};
		CBAC3F0726A71E00004476E2 /* Build configuration list for PBXNativeTarget "AccessCameraTests" */ = {
			isa = XCConfigurationList;
			buildConfigurations = (
				CBAC3F0826A71E00004476E2 /* Debug */,
				CBAC3F0926A71E00004476E2 /* Release */,
			);
			defaultConfigurationIsVisible = 0;
			defaultConfigurationName = Release;
		};
		CBAC3F0A26A71E00004476E2 /* Build configuration list for PBXNativeTarget "AccessCameraUITests" */ = {
			isa = XCConfigurationList;
			buildConfigurations = (
				CBAC3F0B26A71E00004476E2 /* Debug */,
				CBAC3F0C26A71E00004476E2 /* Release */,
			);
			defaultConfigurationIsVisible = 0;
			defaultConfigurationName = Release;
		};
/* End XCConfigurationList section */

/* Begin XCVersionGroup section */
		CBAC3EE326A71DE7004476E2 /* AccessCamera.xcdatamodeld */ = {
			isa = XCVersionGroup;
			children = (
				CBAC3EE426A71DE7004476E2 /* AccessCamera.xcdatamodel */,
			);
			currentVersion = CBAC3EE426A71DE7004476E2 /* AccessCamera.xcdatamodel */;
			path = AccessCamera.xcdatamodeld;
			sourceTree = "<group>";
			versionGroupType = wrapper.xcdatamodel;
		};
/* End XCVersionGroup section */
	};
	rootObject = CBAC3ECF26A71DE6004476E2 /* Project object */;
}
